<?xml version="1.0" encoding="utf-8"?>
<Project ToolsVersion="4.0" xmlns="http://schemas.microsoft.com/developer/msbuild/2003">
  <ItemGroup>
    <Filter Include="Исходные файлы">
      <UniqueIdentifier>{4FC737F1-C7A5-4376-A066-2A32D752A2FF}</UniqueIdentifier>
      <Extensions>cpp;c;cc;cxx;c++;cppm;ixx;def;odl;idl;hpj;bat;asm;asmx</Extensions>
    </Filter>
    <Filter Include="Файлы заголовков">
      <UniqueIdentifier>{93995380-89BD-4b04-88EB-625FBE52EBFB}</UniqueIdentifier>
      <Extensions>h;hh;hpp;hxx;h++;hm;inl;inc;ipp;xsd</Extensions>
    </Filter>
    <Filter Include="Файлы ресурсов">
      <UniqueIdentifier>{67DA6AB6-F800-4c08-8B7A-83BB121AAD01}</UniqueIdentifier>
      <Extensions>rc;ico;cur;bmp;dlg;rc2;rct;bin;rgs;gif;jpg;jpeg;jpe;resx;tiff;tif;png;wav;mfcribbon-ms</Extensions>
    </Filter>
    <Filter Include="Файлы ресурсов\Map">
      <UniqueIdentifier>{0055c798-cf75-45db-8d41-f95bd134712d}</UniqueIdentifier>
    </Filter>
    <Filter Include="Файлы ресурсов\Enemy">
      <UniqueIdentifier>{66ba1018-d202-46db-9dea-a3770a08bebd}</UniqueIdentifier>
    </Filter>
    <Filter Include="Файлы ресурсов\Npc">
      <UniqueIdentifier>{efc24b2c-dbf1-4498-a18c-9c580827c117}</UniqueIdentifier>
    </Filter>
    <Filter Include="Файлы ресурсов\Object">
      <UniqueIdentifier>{efaf4253-100d-4809-a148-a3408e188438}</UniqueIdentifier>
    </Filter>
    <Filter Include="Файлы заголовков\Map">
      <UniqueIdentifier>{82b1b9ad-fa51-4c15-a6ed-0a41695738b3}</UniqueIdentifier>
    </Filter>
    <Filter Include="Файлы заголовков\Data">
      <UniqueIdentifier>{1cdfa1ca-c692-484d-9741-341fe1b75d72}</UniqueIdentifier>
    </Filter>
    <Filter Include="Исходные файлы\Map">
      <UniqueIdentifier>{b17caee6-ed20-42d1-9cf4-3d3afb4f05a9}</UniqueIdentifier>
    </Filter>
    <Filter Include="Исходные файлы\Screen">
      <UniqueIdentifier>{aff18e2b-9b4a-4dd7-96eb-3c14cbfe78bf}</UniqueIdentifier>
    </Filter>
    <Filter Include="Исходные файлы\Data">
      <UniqueIdentifier>{35862972-a2c5-4a07-b20e-2d2a4820eef8}</UniqueIdentifier>
    </Filter>
    <Filter Include="Файлы заголовков\Screen">
      <UniqueIdentifier>{3610d45b-25e3-43b4-8d71-3e0015d075e8}</UniqueIdentifier>
    </Filter>
    <Filter Include="Файлы заголовков\Engine">
      <UniqueIdentifier>{08a34a50-7dc8-4a14-a891-208d6a3fb1b8}</UniqueIdentifier>
    </Filter>
    <Filter Include="Файлы заголовков\Entity">
      <UniqueIdentifier>{f167adca-4386-4a03-b479-4b172bc8b760}</UniqueIdentifier>
    </Filter>
    <Filter Include="Исходные файлы\Entity">
      <UniqueIdentifier>{bb608cf6-c168-492c-bc84-2665ccad6478}</UniqueIdentifier>
    </Filter>
  </ItemGroup>
  <ItemGroup>
    <ClInclude Include="armor.h">
      <Filter>Файлы заголовков</Filter>
    </ClInclude>
    <ClInclude Include="battle.h">
      <Filter>Файлы заголовков</Filter>
    </ClInclude>
    <ClInclude Include="battle_action.h">
      <Filter>Файлы заголовков</Filter>
    </ClInclude>
    <ClInclude Include="battle_screen.h">
      <Filter>Файлы заголовков</Filter>
    </ClInclude>
    <ClInclude Include="console_ui.h">
      <Filter>Файлы заголовков</Filter>
    </ClInclude>
    <ClInclude Include="current_npc.h">
      <Filter>Файлы заголовков</Filter>
    </ClInclude>
    <ClInclude Include="CurrentMapData.h">
      <Filter>Файлы заголовков</Filter>
    </ClInclude>
    <ClInclude Include="door.h">
      <Filter>Файлы заголовков</Filter>
    </ClInclude>
    <ClInclude Include="enemy.h">
      <Filter>Файлы заголовков</Filter>
    </ClInclude>
    <ClInclude Include="engine.h">
      <Filter>Файлы заголовков</Filter>
    </ClInclude>
    <ClInclude Include="entity.h">
      <Filter>Файлы заголовков</Filter>
    </ClInclude>
    <ClInclude Include="equipment.h">
      <Filter>Файлы заголовков</Filter>
    </ClInclude>
    <ClInclude Include="game_object.h">
      <Filter>Файлы заголовков</Filter>
    </ClInclude>
    <ClInclude Include="game_object_type.h">
      <Filter>Файлы заголовков</Filter>
    </ClInclude>
    <ClInclude Include="game_state.h">
      <Filter>Файлы заголовков</Filter>
    </ClInclude>
    <ClInclude Include="hero_creation_screen.h">
      <Filter>Файлы заголовков</Filter>
    </ClInclude>
    <ClInclude Include="inventory.h">
      <Filter>Файлы заголовков</Filter>
    </ClInclude>
    <ClInclude Include="inventory_screen.h">
      <Filter>Файлы заголовков</Filter>
    </ClInclude>
    <ClInclude Include="ladder.h">
      <Filter>Файлы заголовков</Filter>
    </ClInclude>
    <ClInclude Include="level_manager.h">
      <Filter>Файлы заголовков</Filter>
    </ClInclude>
    <ClInclude Include="map_symbols.h">
      <Filter>Файлы заголовков</Filter>
    </ClInclude>
    <ClInclude Include="menu_screen.h">
      <Filter>Файлы заголовков</Filter>
    </ClInclude>
    <ClInclude Include="money.h">
      <Filter>Файлы заголовков</Filter>
    </ClInclude>
    <ClInclude Include="npc.h">
      <Filter>Файлы заголовков</Filter>
    </ClInclude>
    <ClInclude Include="npc_manager.h">
      <Filter>Файлы заголовков</Filter>
    </ClInclude>
    <ClInclude Include="player.h">
      <Filter>Файлы заголовков</Filter>
    </ClInclude>
    <ClInclude Include="player_screen.h">
      <Filter>Файлы заголовков</Filter>
    </ClInclude>
    <ClInclude Include="potion.h">
      <Filter>Файлы заголовков</Filter>
    </ClInclude>
    <ClInclude Include="ranged_battle.h">
      <Filter>Файлы заголовков</Filter>
    </ClInclude>
    <ClInclude Include="rp_stats.h">
      <Filter>Файлы заголовков</Filter>
    </ClInclude>
    <ClInclude Include="screen.h">
      <Filter>Файлы заголовков</Filter>
    </ClInclude>
    <ClInclude Include="screen_manager.h">
      <Filter>Файлы заголовков</Filter>
    </ClInclude>
    <ClInclude Include="shop.h">
      <Filter>Файлы заголовков</Filter>
    </ClInclude>
    <ClInclude Include="shop_screen.h">
      <Filter>Файлы заголовков</Filter>
    </ClInclude>
    <ClInclude Include="stats.h">
      <Filter>Файлы заголовков</Filter>
    </ClInclude>
    <ClInclude Include="trap.h">
      <Filter>Файлы заголовков</Filter>
    </ClInclude>
    <ClInclude Include="weapon.h">
      <Filter>Файлы заголовков</Filter>
    </ClInclude>
    <ClInclude Include="location.h">
      <Filter>Файлы заголовков\Map</Filter>
    </ClInclude>
    <ClInclude Include="game_data.h">
      <Filter>Файлы заголовков\Data</Filter>
    </ClInclude>
    <ClInclude Include="map.h">
      <Filter>Файлы заголовков\Map</Filter>
    </ClInclude>
    <ClInclude Include="level.h">
      <Filter>Файлы заголовков\Map</Filter>
    </ClInclude>
    <ClInclude Include="data.h">
      <Filter>Файлы заголовков\Data</Filter>
    </ClInclude>
    <ClInclude Include="explore_screen.h">
      <Filter>Файлы заголовков\Screen</Filter>
    </ClInclude>
    <ClInclude Include="random_placement.h">
      <Filter>Файлы заголовков</Filter>
    </ClInclude>
    <ClInclude Include="object_manager.h">
      <Filter>Файлы заголовков\Entity</Filter>
    </ClInclude>
    <ClInclude Include="enemy_manager.h">
      <Filter>Файлы заголовков\Entity</Filter>
    </ClInclude>
  </ItemGroup>
  <ItemGroup>
    <ClCompile Include="armor.cpp">
      <Filter>Исходные файлы</Filter>
    </ClCompile>
    <ClCompile Include="battle.cpp">
      <Filter>Исходные файлы</Filter>
    </ClCompile>
    <ClCompile Include="battle_action.cpp">
      <Filter>Исходные файлы</Filter>
    </ClCompile>
    <ClCompile Include="battle_screen.cpp">
      <Filter>Исходные файлы</Filter>
    </ClCompile>
    <ClCompile Include="console_ui.cpp">
      <Filter>Исходные файлы</Filter>
    </ClCompile>
    <ClCompile Include="current_npc.cpp">
      <Filter>Исходные файлы</Filter>
    </ClCompile>
    <ClCompile Include="CurrentMapData.cpp">
      <Filter>Исходные файлы</Filter>
    </ClCompile>
    <ClCompile Include="door.cpp">
      <Filter>Исходные файлы</Filter>
    </ClCompile>
    <ClCompile Include="enemy.cpp">
      <Filter>Исходные файлы</Filter>
    </ClCompile>
    <ClCompile Include="engine.cpp">
      <Filter>Исходные файлы</Filter>
    </ClCompile>
    <ClCompile Include="entity.cpp">
      <Filter>Исходные файлы</Filter>
    </ClCompile>
    <ClCompile Include="equipment.cpp">
      <Filter>Исходные файлы</Filter>
    </ClCompile>
    <ClCompile Include="game_object.cpp">
      <Filter>Исходные файлы</Filter>
    </ClCompile>
    <ClCompile Include="game_state.cpp">
      <Filter>Исходные файлы</Filter>
    </ClCompile>
    <ClCompile Include="hero_creation_screen.cpp">
      <Filter>Исходные файлы</Filter>
    </ClCompile>
    <ClCompile Include="inventory.cpp">
      <Filter>Исходные файлы</Filter>
    </ClCompile>
    <ClCompile Include="inventory_screen.cpp">
      <Filter>Исходные файлы</Filter>
    </ClCompile>
    <ClCompile Include="ladder.cpp">
      <Filter>Исходные файлы</Filter>
    </ClCompile>
    <ClCompile Include="weapon.cpp">
      <Filter>Исходные файлы</Filter>
    </ClCompile>
    <ClCompile Include="trap.cpp">
      <Filter>Исходные файлы</Filter>
    </ClCompile>
    <ClCompile Include="stats.cpp">
      <Filter>Исходные файлы</Filter>
    </ClCompile>
    <ClCompile Include="shop_screen.cpp">
      <Filter>Исходные файлы</Filter>
    </ClCompile>
    <ClCompile Include="shop.cpp">
      <Filter>Исходные файлы</Filter>
    </ClCompile>
    <ClCompile Include="screen_manager.cpp">
      <Filter>Исходные файлы</Filter>
    </ClCompile>
    <ClCompile Include="rp_stats.cpp">
      <Filter>Исходные файлы</Filter>
    </ClCompile>
    <ClCompile Include="ranged_battle.cpp">
      <Filter>Исходные файлы</Filter>
    </ClCompile>
    <ClCompile Include="potion.cpp">
      <Filter>Исходные файлы</Filter>
    </ClCompile>
    <ClCompile Include="player_screen.cpp">
      <Filter>Исходные файлы</Filter>
    </ClCompile>
    <ClCompile Include="player.cpp">
      <Filter>Исходные файлы</Filter>
    </ClCompile>
    <ClCompile Include="npc_manager.cpp">
      <Filter>Исходные файлы</Filter>
    </ClCompile>
    <ClCompile Include="npc.cpp">
      <Filter>Исходные файлы</Filter>
    </ClCompile>
    <ClCompile Include="money.cpp">
      <Filter>Исходные файлы</Filter>
    </ClCompile>
    <ClCompile Include="menu_screen.cpp">
      <Filter>Исходные файлы</Filter>
    </ClCompile>
    <ClCompile Include="main.cpp">
      <Filter>Исходные файлы</Filter>
    </ClCompile>
    <ClCompile Include="level_manager.cpp">
      <Filter>Исходные файлы</Filter>
    </ClCompile>
    <ClCompile Include="location.cpp">
      <Filter>Исходные файлы\Map</Filter>
    </ClCompile>
    <ClCompile Include="map.cpp">
      <Filter>Исходные файлы\Map</Filter>
    </ClCompile>
    <ClCompile Include="explore_screen.cpp">
      <Filter>Исходные файлы\Screen</Filter>
    </ClCompile>
    <ClCompile Include="level.cpp">
      <Filter>Исходные файлы\Map</Filter>
    </ClCompile>
    <ClCompile Include="data.cpp">
      <Filter>Исходные файлы\Data</Filter>
    </ClCompile>
    <ClCompile Include="random_placement.cpp">
      <Filter>Исходные файлы</Filter>
    </ClCompile>
    <ClCompile Include="object_manager.cpp">
      <Filter>Исходные файлы\Entity</Filter>
    </ClCompile>
    <ClCompile Include="enemy_manager.cpp">
      <Filter>Исходные файлы\Entity</Filter>
    </ClCompile>
  </ItemGroup>
  <ItemGroup>
    <Text Include="data\maps\map_5.txt">
      <Filter>Файлы ресурсов\Map</Filter>
    </Text>
    <Text Include="data\maps\map_0.txt">
      <Filter>Файлы ресурсов\Map</Filter>
    </Text>
    <Text Include="data\maps\map_1.txt">
      <Filter>Файлы ресурсов\Map</Filter>
    </Text>
    <Text Include="data\maps\map_2.txt">
      <Filter>Файлы ресурсов\Map</Filter>
    </Text>
    <Text Include="data\maps\map_3.txt">
      <Filter>Файлы ресурсов\Map</Filter>
    </Text>
    <Text Include="data\maps\map_4.txt">
      <Filter>Файлы ресурсов\Map</Filter>
    </Text>
    <Text Include="data\enemies\enemies_5.txt">
      <Filter>Файлы ресурсов\Enemy</Filter>
    </Text>
    <Text Include="data\enemies\enemies_0.txt">
      <Filter>Файлы ресурсов\Enemy</Filter>
    </Text>
    <Text Include="data\enemies\enemies_1.txt">
      <Filter>Файлы ресурсов\Enemy</Filter>
    </Text>
    <Text Include="data\enemies\enemies_2.txt">
      <Filter>Файлы ресурсов\Enemy</Filter>
    </Text>
    <Text Include="data\enemies\enemies_3.txt">
      <Filter>Файлы ресурсов\Enemy</Filter>
    </Text>
    <Text Include="data\npc\npc_4.txt">
      <Filter>Файлы ресурсов\Npc</Filter>
    </Text>
    <Text Include="data\npc\npc_0.txt">
      <Filter>Файлы ресурсов\Npc</Filter>
    </Text>
    <Text Include="data\npc\npc_1.txt">
      <Filter>Файлы ресурсов\Npc</Filter>
    </Text>
    <Text Include="data\npc\npc_2.txt">
      <Filter>Файлы ресурсов\Npc</Filter>
    </Text>
    <Text Include="data\npc\npc_3.txt">
      <Filter>Файлы ресурсов\Npc</Filter>
    </Text>
    <Text Include="data\objects\objects_5.txt">
      <Filter>Файлы ресурсов\Object</Filter>
    </Text>
    <Text Include="data\objects\objects_0.txt">
      <Filter>Файлы ресурсов\Object</Filter>
    </Text>
    <Text Include="data\objects\objects_1.txt">
      <Filter>Файлы ресурсов\Object</Filter>
    </Text>
    <Text Include="data\objects\objects_2.txt">
      <Filter>Файлы ресурсов\Object</Filter>
    </Text>
    <Text Include="data\objects\objects_3.txt">
      <Filter>Файлы ресурсов\Object</Filter>
    </Text>
    <Text Include="data\objects\objects_4.txt">
      <Filter>Файлы ресурсов\Object</Filter>
    </Text>
    <Text Include="data\todo.txt">
      <Filter>Файлы ресурсов</Filter>
    </Text>
  </ItemGroup>
</Project>